
Microsoft Visual Studio Solution File, Format Version 12.00
# Visual Studio Version 17
VisualStudioVersion = 17.7.34031.279
MinimumVisualStudioVersion = 10.0.40219.1
Project("{FAE04EC0-301F-11D3-BF4B-00C04F79EFBC}") = "MyGame", "MyGame\MyGame.csproj", "{EAF74893-0C41-4FDD-9567-4CCB864DB95E}"
EndProject
Global
	GlobalSection(SolutionConfigurationPlatforms) = preSolution
		Debug|Any CPU = Debug|Any CPU
		Release|Any CPU = Release|Any CPU
	EndGlobalSection
	GlobalSection(ProjectConfigurationPlatforms) = postSolution
		{EAF74893-0C41-4FDD-9567-4CCB864DB95E}.Debug|Any CPU.ActiveCfg = Debug|Any CPU
		{EAF74893-0C41-4FDD-9567-4CCB864DB95E}.Debug|Any CPU.Build.0 = Debug|Any CPU
		{EAF74893-0C41-4FDD-9567-4CCB864DB95E}.Release|Any CPU.ActiveCfg = Release|Any CPU
		{EAF74893-0C41-4FDD-9567-4CCB864DB95E}.Release|Any CPU.Build.0 = Release|Any CPU
	EndGlobalSection
	GlobalSection(SolutionProperties) = preSolution
		HideSolutionNode = FALSE
	EndGlobalSection
	GlobalSection(ExtensibilityGlobals) = postSolution
		SolutionGuid = {F3AB7B6D-16F2-48A2-A5B9-70A471F9F88E}
	EndGlobalSection
EndGlobal
